
Microsoft Visual Studio Solution File, Format Version 12.00
# Visual Studio 15
VisualStudioVersion = 15.0.26730.15
MinimumVisualStudioVersion = 10.0.40219.1
Project("{151D2E53-A2C4-4D7D-83FE-D05416EBD58E}") = "Environments", "Environments\Environments.deployproj", "{6EC62416-FEE0-4D9C-A150-3C789F1A07BD}"
EndProject
Project("{FAE04EC0-301F-11D3-BF4B-00C04F79EFBC}") = "PartsUnlimitedWebsite", "PartsUnlimitedWebsite\PartsUnlimitedWebsite.csproj", "{68411661-4B0C-444A-BC13-2182FBB116B9}"
EndProject
Project("{00D1A9C2-B5F0-4AF3-8072-F6C62B433612}") = "PartsUnlimitedDatabase", "PartsUnlimitedDatabase\PartsUnlimitedDatabase.sqlproj", "{3736CBC6-B5F6-4858-9126-B3421738C171}"
EndProject
Project("{FAE04EC0-301F-11D3-BF4B-00C04F79EFBC}") = "PartsUnlimitedModels", "PartsUnlimitedModels\PartsUnlimitedModels.csproj", "{C3B7ACD5-B38E-4ED3-BA76-6D7CF183C03E}"
EndProject
Global
	GlobalSection(SolutionConfigurationPlatforms) = preSolution
		Debug|Any CPU = Debug|Any CPU
		Release|Any CPU = Release|Any CPU
	EndGlobalSection
	GlobalSection(ProjectConfigurationPlatforms) = postSolution
		{6EC62416-FEE0-4D9C-A150-3C789F1A07BD}.Debug|Any CPU.ActiveCfg = Debug|Any CPU
		{6EC62416-FEE0-4D9C-A150-3C789F1A07BD}.Debug|Any CPU.Build.0 = Debug|Any CPU
		{6EC62416-FEE0-4D9C-A150-3C789F1A07BD}.Release|Any CPU.ActiveCfg = Release|Any CPU
		{6EC62416-FEE0-4D9C-A150-3C789F1A07BD}.Release|Any CPU.Build.0 = Release|Any CPU
		{68411661-4B0C-444A-BC13-2182FBB116B9}.Debug|Any CPU.ActiveCfg = Debug|Any CPU
		{68411661-4B0C-444A-BC13-2182FBB116B9}.Debug|Any CPU.Build.0 = Debug|Any CPU
		{68411661-4B0C-444A-BC13-2182FBB116B9}.Release|Any CPU.ActiveCfg = Release|Any CPU
		{68411661-4B0C-444A-BC13-2182FBB116B9}.Release|Any CPU.Build.0 = Release|Any CPU
		{3736CBC6-B5F6-4858-9126-B3421738C171}.Debug|Any CPU.ActiveCfg = Debug|Any CPU
		{3736CBC6-B5F6-4858-9126-B3421738C171}.Debug|Any CPU.Build.0 = Debug|Any CPU
		{3736CBC6-B5F6-4858-9126-B3421738C171}.Debug|Any CPU.Deploy.0 = Debug|Any CPU
		{3736CBC6-B5F6-4858-9126-B3421738C171}.Release|Any CPU.ActiveCfg = Release|Any CPU
		{3736CBC6-B5F6-4858-9126-B3421738C171}.Release|Any CPU.Build.0 = Release|Any CPU
		{3736CBC6-B5F6-4858-9126-B3421738C171}.Release|Any CPU.Deploy.0 = Release|Any CPU
		{C3B7ACD5-B38E-4ED3-BA76-6D7CF183C03E}.Debug|Any CPU.ActiveCfg = Debug|Any CPU
		{C3B7ACD5-B38E-4ED3-BA76-6D7CF183C03E}.Debug|Any CPU.Build.0 = Debug|Any CPU
		{C3B7ACD5-B38E-4ED3-BA76-6D7CF183C03E}.Release|Any CPU.ActiveCfg = Release|Any CPU
		{C3B7ACD5-B38E-4ED3-BA76-6D7CF183C03E}.Release|Any CPU.Build.0 = Release|Any CPU
	EndGlobalSection
	GlobalSection(SolutionProperties) = preSolution
		HideSolutionNode = FALSE
	EndGlobalSection
	GlobalSection(ExtensibilityGlobals) = postSolution
		SolutionGuid = {96DD4494-E274-47B2-934D-0214BC4FAAE1}
	EndGlobalSection
EndGlobal
